
Microsoft Visual Studio Solution File, Format Version 12.00
# Visual Studio 15
VisualStudioVersion = 15.0.27130.2036
MinimumVisualStudioVersion = 10.0.40219.1
Project("{FAE04EC0-301F-11D3-BF4B-00C04F79EFBC}") = "Spammer", "Spammer\Spammer.csproj", "{512C83F7-DABE-4089-A288-A54294642B3F}"
EndProject
Global
	GlobalSection(SolutionConfigurationPlatforms) = preSolution
		Debug|Any CPU = Debug|Any CPU
		Release|Any CPU = Release|Any CPU
	EndGlobalSection
	GlobalSection(ProjectConfigurationPlatforms) = postSolution
		{512C83F7-DABE-4089-A288-A54294642B3F}.Debug|Any CPU.ActiveCfg = Debug|Any CPU
		{512C83F7-DABE-4089-A288-A54294642B3F}.Debug|Any CPU.Build.0 = Debug|Any CPU
		{512C83F7-DABE-4089-A288-A54294642B3F}.Release|Any CPU.ActiveCfg = Release|Any CPU
		{512C83F7-DABE-4089-A288-A54294642B3F}.Release|Any CPU.Build.0 = Release|Any CPU
	EndGlobalSection
	GlobalSection(SolutionProperties) = preSolution
		HideSolutionNode = FALSE
	EndGlobalSection
	GlobalSection(ExtensibilityGlobals) = postSolution
		SolutionGuid = {B1694C93-0F9D-4E1F-9824-C1E46D6D3481}
	EndGlobalSection
EndGlobal
